// !$*UTF8*$!
{
	archiveVersion = 1;
	classes = {
	};
	objectVersion = 56;
	objects = {

/* Begin PBXBuildFile section */
		2301477328FFD9CE00CAD9AD /* WatchAppApp.swift in Sources */ = {isa = PBXBuildFile; fileRef = 2301477228FFD9CE00CAD9AD /* WatchAppApp.swift */; };
		2301477528FFD9CE00CAD9AD /* ContentView.swift in Sources */ = {isa = PBXBuildFile; fileRef = 2301477428FFD9CE00CAD9AD /* ContentView.swift */; };
		2301477728FFD9CF00CAD9AD /* Assets.xcassets in Resources */ = {isa = PBXBuildFile; fileRef = 2301477628FFD9CF00CAD9AD /* Assets.xcassets */; };
		2301477A28FFD9CF00CAD9AD /* Preview Assets.xcassets in Resources */ = {isa = PBXBuildFile; fileRef = 2301477928FFD9CF00CAD9AD /* Preview Assets.xcassets */; };
		2301478328FFD9E700CAD9AD /* WidgetKit.framework in Frameworks */ = {isa = PBXBuildFile; fileRef = 2384AA8828FFB18A00CDB08E /* WidgetKit.framework */; };
		2301478428FFD9E700CAD9AD /* SwiftUI.framework in Frameworks */ = {isa = PBXBuildFile; fileRef = 2384AA8A28FFB18A00CDB08E /* SwiftUI.framework */; };
		2301478728FFD9E700CAD9AD /* WatchWidget.swift in Sources */ = {isa = PBXBuildFile; fileRef = 2301478628FFD9E700CAD9AD /* WatchWidget.swift */; };
		2301478928FFD9E800CAD9AD /* Assets.xcassets in Resources */ = {isa = PBXBuildFile; fileRef = 2301478828FFD9E800CAD9AD /* Assets.xcassets */; };
		2301478D28FFD9E800CAD9AD /* WatchWidgetExtension.appex in Embed Foundation Extensions */ = {isa = PBXBuildFile; fileRef = 2301478228FFD9E700CAD9AD /* WatchWidgetExtension.appex */; settings = {ATTRIBUTES = (RemoveHeadersOnCopy, ); }; };
		230ABF8828FFE15E008BD1E7 /* LatestGlucoseValues.swift in Sources */ = {isa = PBXBuildFile; fileRef = 230ABF8728FFE15E008BD1E7 /* LatestGlucoseValues.swift */; };
		230ABF8928FFE165008BD1E7 /* LatestGlucoseValues.swift in Sources */ = {isa = PBXBuildFile; fileRef = 230ABF8728FFE15E008BD1E7 /* LatestGlucoseValues.swift */; };
		230ABF8A28FFE165008BD1E7 /* LatestGlucoseValues.swift in Sources */ = {isa = PBXBuildFile; fileRef = 230ABF8728FFE15E008BD1E7 /* LatestGlucoseValues.swift */; };
		230ABF8B28FFE166008BD1E7 /* LatestGlucoseValues.swift in Sources */ = {isa = PBXBuildFile; fileRef = 230ABF8728FFE15E008BD1E7 /* LatestGlucoseValues.swift */; };
		230ABF8D28FFE1C9008BD1E7 /* DexcomService.swift in Sources */ = {isa = PBXBuildFile; fileRef = 230ABF8C28FFE1C9008BD1E7 /* DexcomService.swift */; };
		230ABF8E28FFE1CB008BD1E7 /* DexcomService.swift in Sources */ = {isa = PBXBuildFile; fileRef = 230ABF8C28FFE1C9008BD1E7 /* DexcomService.swift */; };
		230ABF8F28FFE1CC008BD1E7 /* DexcomService.swift in Sources */ = {isa = PBXBuildFile; fileRef = 230ABF8C28FFE1C9008BD1E7 /* DexcomService.swift */; };
		230ABF9028FFE1CD008BD1E7 /* DexcomService.swift in Sources */ = {isa = PBXBuildFile; fileRef = 230ABF8C28FFE1C9008BD1E7 /* DexcomService.swift */; };
		2384AA5828FFAEBF00CDB08E /* Sugar_WidgetsApp.swift in Sources */ = {isa = PBXBuildFile; fileRef = 2384AA5728FFAEBF00CDB08E /* Sugar_WidgetsApp.swift */; };
		2384AA5A28FFAEBF00CDB08E /* ContentView.swift in Sources */ = {isa = PBXBuildFile; fileRef = 2384AA5928FFAEBF00CDB08E /* ContentView.swift */; };
		2384AA5C28FFAEC000CDB08E /* Assets.xcassets in Resources */ = {isa = PBXBuildFile; fileRef = 2384AA5B28FFAEC000CDB08E /* Assets.xcassets */; };
		2384AA6028FFAEC000CDB08E /* Preview Assets.xcassets in Resources */ = {isa = PBXBuildFile; fileRef = 2384AA5F28FFAEC000CDB08E /* Preview Assets.xcassets */; };
		2384AA8928FFB18A00CDB08E /* WidgetKit.framework in Frameworks */ = {isa = PBXBuildFile; fileRef = 2384AA8828FFB18A00CDB08E /* WidgetKit.framework */; };
		2384AA8B28FFB18A00CDB08E /* SwiftUI.framework in Frameworks */ = {isa = PBXBuildFile; fileRef = 2384AA8A28FFB18A00CDB08E /* SwiftUI.framework */; };
		2384AA8E28FFB18A00CDB08E /* SugarWidgets_widget.swift in Sources */ = {isa = PBXBuildFile; fileRef = 2384AA8D28FFB18A00CDB08E /* SugarWidgets_widget.swift */; };
		2384AA9128FFB18B00CDB08E /* Assets.xcassets in Resources */ = {isa = PBXBuildFile; fileRef = 2384AA9028FFB18B00CDB08E /* Assets.xcassets */; };
		2384AA9328FFB18B00CDB08E /* SugarWidgets_widget.intentdefinition in Sources */ = {isa = PBXBuildFile; fileRef = 2384AA8F28FFB18B00CDB08E /* SugarWidgets_widget.intentdefinition */; };
		2384AA9428FFB18B00CDB08E /* SugarWidgets_widget.intentdefinition in Sources */ = {isa = PBXBuildFile; fileRef = 2384AA8F28FFB18B00CDB08E /* SugarWidgets_widget.intentdefinition */; };
		2384AA9728FFB18B00CDB08E /* SugarWidgets-widgetExtension.appex in Embed Foundation Extensions */ = {isa = PBXBuildFile; fileRef = 2384AA8628FFB18A00CDB08E /* SugarWidgets-widgetExtension.appex */; settings = {ATTRIBUTES = (RemoveHeadersOnCopy, ); }; };
/* End PBXBuildFile section */

/* Begin PBXContainerItemProxy section */
		2301478B28FFD9E800CAD9AD /* PBXContainerItemProxy */ = {
			isa = PBXContainerItemProxy;
			containerPortal = 2384AA4C28FFAEBF00CDB08E /* Project object */;
			proxyType = 1;
			remoteGlobalIDString = 2301478128FFD9E600CAD9AD;
			remoteInfo = WatchWidgetExtension;
		};
		2384AA9528FFB18B00CDB08E /* PBXContainerItemProxy */ = {
			isa = PBXContainerItemProxy;
			containerPortal = 2384AA4C28FFAEBF00CDB08E /* Project object */;
			proxyType = 1;
			remoteGlobalIDString = 2384AA8528FFB18A00CDB08E;
			remoteInfo = "SugarWidgets-widgetExtension";
		};
/* End PBXContainerItemProxy section */

/* Begin PBXCopyFilesBuildPhase section */
		2301479128FFD9E800CAD9AD /* Embed Foundation Extensions */ = {
			isa = PBXCopyFilesBuildPhase;
			buildActionMask = 2147483647;
			dstPath = "";
			dstSubfolderSpec = 13;
			files = (
				2301478D28FFD9E800CAD9AD /* WatchWidgetExtension.appex in Embed Foundation Extensions */,
			);
			name = "Embed Foundation Extensions";
			runOnlyForDeploymentPostprocessing = 0;
		};
		2384AA9B28FFB18C00CDB08E /* Embed Foundation Extensions */ = {
			isa = PBXCopyFilesBuildPhase;
			buildActionMask = 2147483647;
			dstPath = "";
			dstSubfolderSpec = 13;
			files = (
				2384AA9728FFB18B00CDB08E /* SugarWidgets-widgetExtension.appex in Embed Foundation Extensions */,
			);
			name = "Embed Foundation Extensions";
			runOnlyForDeploymentPostprocessing = 0;
		};
		2384AAC828FFD69700CDB08E /* Embed Watch Content */ = {
			isa = PBXCopyFilesBuildPhase;
			buildActionMask = 2147483647;
			dstPath = "$(CONTENTS_FOLDER_PATH)/Watch";
			dstSubfolderSpec = 16;
			files = (
			);
			name = "Embed Watch Content";
			runOnlyForDeploymentPostprocessing = 0;
		};
/* End PBXCopyFilesBuildPhase section */

/* Begin PBXFileReference section */
		2301477028FFD9CE00CAD9AD /* SugarWidgets.app */ = {isa = PBXFileReference; explicitFileType = wrapper.application; includeInIndex = 0; path = SugarWidgets.app; sourceTree = BUILT_PRODUCTS_DIR; };
		2301477228FFD9CE00CAD9AD /* WatchAppApp.swift */ = {isa = PBXFileReference; lastKnownFileType = sourcecode.swift; path = WatchAppApp.swift; sourceTree = "<group>"; };
		2301477428FFD9CE00CAD9AD /* ContentView.swift */ = {isa = PBXFileReference; lastKnownFileType = sourcecode.swift; path = ContentView.swift; sourceTree = "<group>"; };
		2301477628FFD9CF00CAD9AD /* Assets.xcassets */ = {isa = PBXFileReference; lastKnownFileType = folder.assetcatalog; path = Assets.xcassets; sourceTree = "<group>"; };
		2301477928FFD9CF00CAD9AD /* Preview Assets.xcassets */ = {isa = PBXFileReference; lastKnownFileType = folder.assetcatalog; path = "Preview Assets.xcassets"; sourceTree = "<group>"; };
		2301478228FFD9E700CAD9AD /* WatchWidgetExtension.appex */ = {isa = PBXFileReference; explicitFileType = "wrapper.app-extension"; includeInIndex = 0; path = WatchWidgetExtension.appex; sourceTree = BUILT_PRODUCTS_DIR; };
		2301478628FFD9E700CAD9AD /* WatchWidget.swift */ = {isa = PBXFileReference; lastKnownFileType = sourcecode.swift; path = WatchWidget.swift; sourceTree = "<group>"; };
		2301478828FFD9E800CAD9AD /* Assets.xcassets */ = {isa = PBXFileReference; lastKnownFileType = folder.assetcatalog; path = Assets.xcassets; sourceTree = "<group>"; };
		2301478A28FFD9E800CAD9AD /* Info.plist */ = {isa = PBXFileReference; lastKnownFileType = text.plist.xml; path = Info.plist; sourceTree = "<group>"; };
		230ABF8728FFE15E008BD1E7 /* LatestGlucoseValues.swift */ = {isa = PBXFileReference; lastKnownFileType = sourcecode.swift; path = LatestGlucoseValues.swift; sourceTree = "<group>"; };
		230ABF8C28FFE1C9008BD1E7 /* DexcomService.swift */ = {isa = PBXFileReference; lastKnownFileType = sourcecode.swift; path = DexcomService.swift; sourceTree = "<group>"; };
		2384AA5428FFAEBF00CDB08E /* Sugar Widgets.app */ = {isa = PBXFileReference; explicitFileType = wrapper.application; includeInIndex = 0; path = "Sugar Widgets.app"; sourceTree = BUILT_PRODUCTS_DIR; };
		2384AA5728FFAEBF00CDB08E /* Sugar_WidgetsApp.swift */ = {isa = PBXFileReference; lastKnownFileType = sourcecode.swift; path = Sugar_WidgetsApp.swift; sourceTree = "<group>"; };
		2384AA5928FFAEBF00CDB08E /* ContentView.swift */ = {isa = PBXFileReference; lastKnownFileType = sourcecode.swift; path = ContentView.swift; sourceTree = "<group>"; };
		2384AA5B28FFAEC000CDB08E /* Assets.xcassets */ = {isa = PBXFileReference; lastKnownFileType = folder.assetcatalog; path = Assets.xcassets; sourceTree = "<group>"; };
		2384AA5D28FFAEC000CDB08E /* Sugar_Widgets.entitlements */ = {isa = PBXFileReference; lastKnownFileType = text.plist.entitlements; path = Sugar_Widgets.entitlements; sourceTree = "<group>"; };
		2384AA5F28FFAEC000CDB08E /* Preview Assets.xcassets */ = {isa = PBXFileReference; lastKnownFileType = folder.assetcatalog; path = "Preview Assets.xcassets"; sourceTree = "<group>"; };
		2384AA8628FFB18A00CDB08E /* SugarWidgets-widgetExtension.appex */ = {isa = PBXFileReference; explicitFileType = "wrapper.app-extension"; includeInIndex = 0; path = "SugarWidgets-widgetExtension.appex"; sourceTree = BUILT_PRODUCTS_DIR; };
		2384AA8828FFB18A00CDB08E /* WidgetKit.framework */ = {isa = PBXFileReference; lastKnownFileType = wrapper.framework; name = WidgetKit.framework; path = System/Library/Frameworks/WidgetKit.framework; sourceTree = SDKROOT; };
		2384AA8A28FFB18A00CDB08E /* SwiftUI.framework */ = {isa = PBXFileReference; lastKnownFileType = wrapper.framework; name = SwiftUI.framework; path = System/Library/Frameworks/SwiftUI.framework; sourceTree = SDKROOT; };
		2384AA8D28FFB18A00CDB08E /* SugarWidgets_widget.swift */ = {isa = PBXFileReference; lastKnownFileType = sourcecode.swift; path = SugarWidgets_widget.swift; sourceTree = "<group>"; };
		2384AA8F28FFB18B00CDB08E /* SugarWidgets_widget.intentdefinition */ = {isa = PBXFileReference; lastKnownFileType = file.intentdefinition; path = SugarWidgets_widget.intentdefinition; sourceTree = "<group>"; };
		2384AA9028FFB18B00CDB08E /* Assets.xcassets */ = {isa = PBXFileReference; lastKnownFileType = folder.assetcatalog; path = Assets.xcassets; sourceTree = "<group>"; };
		2384AA9228FFB18B00CDB08E /* Info.plist */ = {isa = PBXFileReference; lastKnownFileType = text.plist.xml; path = Info.plist; sourceTree = "<group>"; };
/* End PBXFileReference section */

/* Begin PBXFrameworksBuildPhase section */
		2301476D28FFD9CE00CAD9AD /* Frameworks */ = {
			isa = PBXFrameworksBuildPhase;
			buildActionMask = 2147483647;
			files = (
			);
			runOnlyForDeploymentPostprocessing = 0;
		};
		2301477F28FFD9E600CAD9AD /* Frameworks */ = {
			isa = PBXFrameworksBuildPhase;
			buildActionMask = 2147483647;
			files = (
				2301478428FFD9E700CAD9AD /* SwiftUI.framework in Frameworks */,
				2301478328FFD9E700CAD9AD /* WidgetKit.framework in Frameworks */,
			);
			runOnlyForDeploymentPostprocessing = 0;
		};
		2384AA5128FFAEBF00CDB08E /* Frameworks */ = {
			isa = PBXFrameworksBuildPhase;
			buildActionMask = 2147483647;
			files = (
			);
			runOnlyForDeploymentPostprocessing = 0;
		};
		2384AA8328FFB18A00CDB08E /* Frameworks */ = {
			isa = PBXFrameworksBuildPhase;
			buildActionMask = 2147483647;
			files = (
				2384AA8B28FFB18A00CDB08E /* SwiftUI.framework in Frameworks */,
				2384AA8928FFB18A00CDB08E /* WidgetKit.framework in Frameworks */,
			);
			runOnlyForDeploymentPostprocessing = 0;
		};
/* End PBXFrameworksBuildPhase section */

/* Begin PBXGroup section */
		2301477128FFD9CE00CAD9AD /* WatchApp Watch App */ = {
			isa = PBXGroup;
			children = (
				2301477228FFD9CE00CAD9AD /* WatchAppApp.swift */,
				2301477428FFD9CE00CAD9AD /* ContentView.swift */,
				2301477628FFD9CF00CAD9AD /* Assets.xcassets */,
				2301477828FFD9CF00CAD9AD /* Preview Content */,
			);
			path = "WatchApp Watch App";
			sourceTree = "<group>";
		};
		2301477828FFD9CF00CAD9AD /* Preview Content */ = {
			isa = PBXGroup;
			children = (
				2301477928FFD9CF00CAD9AD /* Preview Assets.xcassets */,
			);
			path = "Preview Content";
			sourceTree = "<group>";
		};
		2301478528FFD9E700CAD9AD /* WatchWidget */ = {
			isa = PBXGroup;
			children = (
				2301478628FFD9E700CAD9AD /* WatchWidget.swift */,
				2301478828FFD9E800CAD9AD /* Assets.xcassets */,
				2301478A28FFD9E800CAD9AD /* Info.plist */,
			);
			path = WatchWidget;
			sourceTree = "<group>";
		};
		2384AA4B28FFAEBF00CDB08E = {
			isa = PBXGroup;
			children = (
				2384AA5628FFAEBF00CDB08E /* Sugar Widgets */,
				2384AA8C28FFB18A00CDB08E /* SugarWidgets-widget */,
				2301477128FFD9CE00CAD9AD /* WatchApp Watch App */,
				2301478528FFD9E700CAD9AD /* WatchWidget */,
				2384AA8728FFB18A00CDB08E /* Frameworks */,
				2384AA5528FFAEBF00CDB08E /* Products */,
			);
			sourceTree = "<group>";
		};
		2384AA5528FFAEBF00CDB08E /* Products */ = {
			isa = PBXGroup;
			children = (
				2384AA5428FFAEBF00CDB08E /* Sugar Widgets.app */,
				2384AA8628FFB18A00CDB08E /* SugarWidgets-widgetExtension.appex */,
				2301477028FFD9CE00CAD9AD /* SugarWidgets.app */,
				2301478228FFD9E700CAD9AD /* WatchWidgetExtension.appex */,
			);
			name = Products;
			sourceTree = "<group>";
		};
		2384AA5628FFAEBF00CDB08E /* Sugar Widgets */ = {
			isa = PBXGroup;
			children = (
				2384AA5728FFAEBF00CDB08E /* Sugar_WidgetsApp.swift */,
				2384AA5928FFAEBF00CDB08E /* ContentView.swift */,
				2384AA5B28FFAEC000CDB08E /* Assets.xcassets */,
				2384AA5D28FFAEC000CDB08E /* Sugar_Widgets.entitlements */,
				2384AA5E28FFAEC000CDB08E /* Preview Content */,
				230ABF8728FFE15E008BD1E7 /* LatestGlucoseValues.swift */,
				230ABF8C28FFE1C9008BD1E7 /* DexcomService.swift */,
			);
			path = "Sugar Widgets";
			sourceTree = "<group>";
		};
		2384AA5E28FFAEC000CDB08E /* Preview Content */ = {
			isa = PBXGroup;
			children = (
				2384AA5F28FFAEC000CDB08E /* Preview Assets.xcassets */,
			);
			path = "Preview Content";
			sourceTree = "<group>";
		};
		2384AA8728FFB18A00CDB08E /* Frameworks */ = {
			isa = PBXGroup;
			children = (
				2384AA8828FFB18A00CDB08E /* WidgetKit.framework */,
				2384AA8A28FFB18A00CDB08E /* SwiftUI.framework */,
			);
			name = Frameworks;
			sourceTree = "<group>";
		};
		2384AA8C28FFB18A00CDB08E /* SugarWidgets-widget */ = {
			isa = PBXGroup;
			children = (
				2384AA8D28FFB18A00CDB08E /* SugarWidgets_widget.swift */,
				2384AA8F28FFB18B00CDB08E /* SugarWidgets_widget.intentdefinition */,
				2384AA9028FFB18B00CDB08E /* Assets.xcassets */,
				2384AA9228FFB18B00CDB08E /* Info.plist */,
			);
			path = "SugarWidgets-widget";
			sourceTree = "<group>";
		};
/* End PBXGroup section */

/* Begin PBXNativeTarget section */
		2301476F28FFD9CE00CAD9AD /* WatchApp Watch App */ = {
			isa = PBXNativeTarget;
			buildConfigurationList = 2301477D28FFD9CF00CAD9AD /* Build configuration list for PBXNativeTarget "WatchApp Watch App" */;
			buildPhases = (
				2301476C28FFD9CE00CAD9AD /* Sources */,
				2301476D28FFD9CE00CAD9AD /* Frameworks */,
				2301476E28FFD9CE00CAD9AD /* Resources */,
				2301479128FFD9E800CAD9AD /* Embed Foundation Extensions */,
			);
			buildRules = (
			);
			dependencies = (
				2301478C28FFD9E800CAD9AD /* PBXTargetDependency */,
			);
			name = "WatchApp Watch App";
			productName = "WatchApp Watch App";
			productReference = 2301477028FFD9CE00CAD9AD /* SugarWidgets.app */;
			productType = "com.apple.product-type.application";
		};
		2301478128FFD9E600CAD9AD /* WatchWidgetExtension */ = {
			isa = PBXNativeTarget;
			buildConfigurationList = 2301478E28FFD9E800CAD9AD /* Build configuration list for PBXNativeTarget "WatchWidgetExtension" */;
			buildPhases = (
				2301477E28FFD9E600CAD9AD /* Sources */,
				2301477F28FFD9E600CAD9AD /* Frameworks */,
				2301478028FFD9E600CAD9AD /* Resources */,
			);
			buildRules = (
			);
			dependencies = (
			);
			name = WatchWidgetExtension;
			productName = WatchWidgetExtension;
			productReference = 2301478228FFD9E700CAD9AD /* WatchWidgetExtension.appex */;
			productType = "com.apple.product-type.app-extension";
		};
		2384AA5328FFAEBF00CDB08E /* Sugar Widgets */ = {
			isa = PBXNativeTarget;
			buildConfigurationList = 2384AA7928FFAEC000CDB08E /* Build configuration list for PBXNativeTarget "Sugar Widgets" */;
			buildPhases = (
				2384AA5028FFAEBF00CDB08E /* Sources */,
				2384AA5128FFAEBF00CDB08E /* Frameworks */,
				2384AA5228FFAEBF00CDB08E /* Resources */,
				2384AA9B28FFB18C00CDB08E /* Embed Foundation Extensions */,
				2384AAC828FFD69700CDB08E /* Embed Watch Content */,
			);
			buildRules = (
			);
			dependencies = (
				2384AA9628FFB18B00CDB08E /* PBXTargetDependency */,
			);
			name = "Sugar Widgets";
			productName = "Sugar Widgets";
			productReference = 2384AA5428FFAEBF00CDB08E /* Sugar Widgets.app */;
			productType = "com.apple.product-type.application";
		};
		2384AA8528FFB18A00CDB08E /* SugarWidgets-widgetExtension */ = {
			isa = PBXNativeTarget;
			buildConfigurationList = 2384AA9828FFB18C00CDB08E /* Build configuration list for PBXNativeTarget "SugarWidgets-widgetExtension" */;
			buildPhases = (
				2384AA8228FFB18A00CDB08E /* Sources */,
				2384AA8328FFB18A00CDB08E /* Frameworks */,
				2384AA8428FFB18A00CDB08E /* Resources */,
			);
			buildRules = (
			);
			dependencies = (
			);
			name = "SugarWidgets-widgetExtension";
			productName = "SugarWidgets-widgetExtension";
			productReference = 2384AA8628FFB18A00CDB08E /* SugarWidgets-widgetExtension.appex */;
			productType = "com.apple.product-type.app-extension";
		};
/* End PBXNativeTarget section */

/* Begin PBXProject section */
		2384AA4C28FFAEBF00CDB08E /* Project object */ = {
			isa = PBXProject;
			attributes = {
				BuildIndependentTargetsInParallel = 1;
				LastSwiftUpdateCheck = 1400;
				LastUpgradeCheck = 1520;
				TargetAttributes = {
					2301476F28FFD9CE00CAD9AD = {
						CreatedOnToolsVersion = 14.0.1;
					};
					2301478128FFD9E600CAD9AD = {
						CreatedOnToolsVersion = 14.0.1;
					};
					2384AA5328FFAEBF00CDB08E = {
						CreatedOnToolsVersion = 14.0.1;
					};
					2384AA8528FFB18A00CDB08E = {
						CreatedOnToolsVersion = 14.0.1;
					};
				};
			};
			buildConfigurationList = 2384AA4F28FFAEBF00CDB08E /* Build configuration list for PBXProject "Sugar Widgets" */;
			compatibilityVersion = "Xcode 14.0";
			developmentRegion = en;
			hasScannedForEncodings = 0;
			knownRegions = (
				en,
				Base,
			);
			mainGroup = 2384AA4B28FFAEBF00CDB08E;
			productRefGroup = 2384AA5528FFAEBF00CDB08E /* Products */;
			projectDirPath = "";
			projectRoot = "";
			targets = (
				2384AA5328FFAEBF00CDB08E /* Sugar Widgets */,
				2384AA8528FFB18A00CDB08E /* SugarWidgets-widgetExtension */,
				2301476F28FFD9CE00CAD9AD /* WatchApp Watch App */,
				2301478128FFD9E600CAD9AD /* WatchWidgetExtension */,
			);
		};
/* End PBXProject section */

/* Begin PBXResourcesBuildPhase section */
		2301476E28FFD9CE00CAD9AD /* Resources */ = {
			isa = PBXResourcesBuildPhase;
			buildActionMask = 2147483647;
			files = (
				2301477A28FFD9CF00CAD9AD /* Preview Assets.xcassets in Resources */,
				2301477728FFD9CF00CAD9AD /* Assets.xcassets in Resources */,
			);
			runOnlyForDeploymentPostprocessing = 0;
		};
		2301478028FFD9E600CAD9AD /* Resources */ = {
			isa = PBXResourcesBuildPhase;
			buildActionMask = 2147483647;
			files = (
				2301478928FFD9E800CAD9AD /* Assets.xcassets in Resources */,
			);
			runOnlyForDeploymentPostprocessing = 0;
		};
		2384AA5228FFAEBF00CDB08E /* Resources */ = {
			isa = PBXResourcesBuildPhase;
			buildActionMask = 2147483647;
			files = (
				2384AA6028FFAEC000CDB08E /* Preview Assets.xcassets in Resources */,
				2384AA5C28FFAEC000CDB08E /* Assets.xcassets in Resources */,
			);
			runOnlyForDeploymentPostprocessing = 0;
		};
		2384AA8428FFB18A00CDB08E /* Resources */ = {
			isa = PBXResourcesBuildPhase;
			buildActionMask = 2147483647;
			files = (
				2384AA9128FFB18B00CDB08E /* Assets.xcassets in Resources */,
			);
			runOnlyForDeploymentPostprocessing = 0;
		};
/* End PBXResourcesBuildPhase section */

/* Begin PBXSourcesBuildPhase section */
		2301476C28FFD9CE00CAD9AD /* Sources */ = {
			isa = PBXSourcesBuildPhase;
			buildActionMask = 2147483647;
			files = (
				2301477528FFD9CE00CAD9AD /* ContentView.swift in Sources */,
				230ABF8A28FFE165008BD1E7 /* LatestGlucoseValues.swift in Sources */,
				2301477328FFD9CE00CAD9AD /* WatchAppApp.swift in Sources */,
				230ABF8F28FFE1CC008BD1E7 /* DexcomService.swift in Sources */,
			);
			runOnlyForDeploymentPostprocessing = 0;
		};
		2301477E28FFD9E600CAD9AD /* Sources */ = {
			isa = PBXSourcesBuildPhase;
			buildActionMask = 2147483647;
			files = (
				2301478728FFD9E700CAD9AD /* WatchWidget.swift in Sources */,
				230ABF9028FFE1CD008BD1E7 /* DexcomService.swift in Sources */,
				230ABF8B28FFE166008BD1E7 /* LatestGlucoseValues.swift in Sources */,
			);
			runOnlyForDeploymentPostprocessing = 0;
		};
		2384AA5028FFAEBF00CDB08E /* Sources */ = {
			isa = PBXSourcesBuildPhase;
			buildActionMask = 2147483647;
			files = (
				2384AA5A28FFAEBF00CDB08E /* ContentView.swift in Sources */,
				2384AA5828FFAEBF00CDB08E /* Sugar_WidgetsApp.swift in Sources */,
				2384AA9428FFB18B00CDB08E /* SugarWidgets_widget.intentdefinition in Sources */,
				230ABF8828FFE15E008BD1E7 /* LatestGlucoseValues.swift in Sources */,
				230ABF8D28FFE1C9008BD1E7 /* DexcomService.swift in Sources */,
			);
			runOnlyForDeploymentPostprocessing = 0;
		};
		2384AA8228FFB18A00CDB08E /* Sources */ = {
			isa = PBXSourcesBuildPhase;
			buildActionMask = 2147483647;
			files = (
				2384AA8E28FFB18A00CDB08E /* SugarWidgets_widget.swift in Sources */,
				230ABF8928FFE165008BD1E7 /* LatestGlucoseValues.swift in Sources */,
				2384AA9328FFB18B00CDB08E /* SugarWidgets_widget.intentdefinition in Sources */,
				230ABF8E28FFE1CB008BD1E7 /* DexcomService.swift in Sources */,
			);
			runOnlyForDeploymentPostprocessing = 0;
		};
/* End PBXSourcesBuildPhase section */

/* Begin PBXTargetDependency section */
		2301478C28FFD9E800CAD9AD /* PBXTargetDependency */ = {
			isa = PBXTargetDependency;
			target = 2301478128FFD9E600CAD9AD /* WatchWidgetExtension */;
			targetProxy = 2301478B28FFD9E800CAD9AD /* PBXContainerItemProxy */;
		};
		2384AA9628FFB18B00CDB08E /* PBXTargetDependency */ = {
			isa = PBXTargetDependency;
			target = 2384AA8528FFB18A00CDB08E /* SugarWidgets-widgetExtension */;
			targetProxy = 2384AA9528FFB18B00CDB08E /* PBXContainerItemProxy */;
		};
/* End PBXTargetDependency section */

/* Begin XCBuildConfiguration section */
		2301477B28FFD9CF00CAD9AD /* Debug */ = {
			isa = XCBuildConfiguration;
			buildSettings = {
				ALWAYS_EMBED_SWIFT_STANDARD_LIBRARIES = YES;
				ASSETCATALOG_COMPILER_APPICON_NAME = AppIcon;
				ASSETCATALOG_COMPILER_GLOBAL_ACCENT_COLOR_NAME = AccentColor;
				CODE_SIGN_STYLE = Automatic;
				CURRENT_PROJECT_VERSION = 1;
				DEVELOPMENT_ASSET_PATHS = "\"WatchApp Watch App/Preview Content\"";
				DEVELOPMENT_TEAM = 7P284QZ7XV;
				ENABLE_PREVIEWS = YES;
				GENERATE_INFOPLIST_FILE = YES;
				INFOPLIST_KEY_UISupportedInterfaceOrientations = "UIInterfaceOrientationPortrait UIInterfaceOrientationPortraitUpsideDown";
				INFOPLIST_KEY_WKCompanionAppBundleIdentifier = "com.truman.Sugar-Widgets";
				LD_RUNPATH_SEARCH_PATHS = (
					"$(inherited)",
					"@executable_path/Frameworks",
				);
				MARKETING_VERSION = 1.0;
				PRODUCT_BUNDLE_IDENTIFIER = "com.truman.Sugar-Widgets.watchkitapp";
				PRODUCT_NAME = SugarWidgets;
				SDKROOT = watchos;
				SKIP_INSTALL = YES;
				SWIFT_EMIT_LOC_STRINGS = YES;
				SWIFT_VERSION = 5.0;
				TARGETED_DEVICE_FAMILY = 4;
				WATCHOS_DEPLOYMENT_TARGET = 7.0;
			};
			name = Debug;
		};
		2301477C28FFD9CF00CAD9AD /* Release */ = {
			isa = XCBuildConfiguration;
			buildSettings = {
				ALWAYS_EMBED_SWIFT_STANDARD_LIBRARIES = YES;
				ASSETCATALOG_COMPILER_APPICON_NAME = AppIcon;
				ASSETCATALOG_COMPILER_GLOBAL_ACCENT_COLOR_NAME = AccentColor;
				CODE_SIGN_STYLE = Automatic;
				CURRENT_PROJECT_VERSION = 1;
				DEVELOPMENT_ASSET_PATHS = "\"WatchApp Watch App/Preview Content\"";
				DEVELOPMENT_TEAM = 7P284QZ7XV;
				ENABLE_PREVIEWS = YES;
				GENERATE_INFOPLIST_FILE = YES;
				INFOPLIST_KEY_UISupportedInterfaceOrientations = "UIInterfaceOrientationPortrait UIInterfaceOrientationPortraitUpsideDown";
				INFOPLIST_KEY_WKCompanionAppBundleIdentifier = "com.truman.Sugar-Widgets";
				LD_RUNPATH_SEARCH_PATHS = (
					"$(inherited)",
					"@executable_path/Frameworks",
				);
				MARKETING_VERSION = 1.0;
				PRODUCT_BUNDLE_IDENTIFIER = "com.truman.Sugar-Widgets.watchkitapp";
				PRODUCT_NAME = SugarWidgets;
				SDKROOT = watchos;
				SKIP_INSTALL = YES;
				SWIFT_EMIT_LOC_STRINGS = YES;
				SWIFT_VERSION = 5.0;
				TARGETED_DEVICE_FAMILY = 4;
				VALIDATE_PRODUCT = YES;
				WATCHOS_DEPLOYMENT_TARGET = 7.0;
			};
			name = Release;
		};
		2301478F28FFD9E800CAD9AD /* Debug */ = {
			isa = XCBuildConfiguration;
			buildSettings = {
				ASSETCATALOG_COMPILER_GLOBAL_ACCENT_COLOR_NAME = AccentColor;
				ASSETCATALOG_COMPILER_WIDGET_BACKGROUND_COLOR_NAME = WidgetBackground;
				CODE_SIGN_STYLE = Automatic;
				CURRENT_PROJECT_VERSION = 1;
				DEVELOPMENT_TEAM = 7P284QZ7XV;
				GENERATE_INFOPLIST_FILE = YES;
				INFOPLIST_FILE = WatchWidget/Info.plist;
				INFOPLIST_KEY_CFBundleDisplayName = "Glucose Tracker";
				INFOPLIST_KEY_NSHumanReadableCopyright = "";
				LD_RUNPATH_SEARCH_PATHS = (
					"$(inherited)",
					"@executable_path/Frameworks",
					"@executable_path/../../Frameworks",
					"@executable_path/../../../../Frameworks",
				);
				MARKETING_VERSION = 1.0;
				PRODUCT_BUNDLE_IDENTIFIER = "com.truman.Sugar-Widgets.watchkitapp.WatchWidget";
				PRODUCT_NAME = "$(TARGET_NAME)";
				SDKROOT = watchos;
				SKIP_INSTALL = YES;
				SWIFT_EMIT_LOC_STRINGS = YES;
				SWIFT_VERSION = 5.0;
				TARGETED_DEVICE_FAMILY = 4;
				WATCHOS_DEPLOYMENT_TARGET = 9.0;
			};
			name = Debug;
		};
		2301479028FFD9E800CAD9AD /* Release */ = {
			isa = XCBuildConfiguration;
			buildSettings = {
				ASSETCATALOG_COMPILER_GLOBAL_ACCENT_COLOR_NAME = AccentColor;
				ASSETCATALOG_COMPILER_WIDGET_BACKGROUND_COLOR_NAME = WidgetBackground;
				CODE_SIGN_STYLE = Automatic;
				CURRENT_PROJECT_VERSION = 1;
				DEVELOPMENT_TEAM = 7P284QZ7XV;
				GENERATE_INFOPLIST_FILE = YES;
				INFOPLIST_FILE = WatchWidget/Info.plist;
				INFOPLIST_KEY_CFBundleDisplayName = "Glucose Tracker";
				INFOPLIST_KEY_NSHumanReadableCopyright = "";
				LD_RUNPATH_SEARCH_PATHS = (
					"$(inherited)",
					"@executable_path/Frameworks",
					"@executable_path/../../Frameworks",
					"@executable_path/../../../../Frameworks",
				);
				MARKETING_VERSION = 1.0;
				PRODUCT_BUNDLE_IDENTIFIER = "com.truman.Sugar-Widgets.watchkitapp.WatchWidget";
				PRODUCT_NAME = "$(TARGET_NAME)";
				SDKROOT = watchos;
				SKIP_INSTALL = YES;
				SWIFT_EMIT_LOC_STRINGS = YES;
				SWIFT_VERSION = 5.0;
				TARGETED_DEVICE_FAMILY = 4;
				VALIDATE_PRODUCT = YES;
				WATCHOS_DEPLOYMENT_TARGET = 9.0;
			};
			name = Release;
		};
		2384AA7728FFAEC000CDB08E /* Debug */ = {
			isa = XCBuildConfiguration;
			buildSettings = {
				ALWAYS_SEARCH_USER_PATHS = NO;
				ASSETCATALOG_COMPILER_GENERATE_SWIFT_ASSET_SYMBOL_EXTENSIONS = YES;
				CLANG_ANALYZER_NONNULL = YES;
				CLANG_ANALYZER_NUMBER_OBJECT_CONVERSION = YES_AGGRESSIVE;
				CLANG_CXX_LANGUAGE_STANDARD = "gnu++20";
				CLANG_ENABLE_MODULES = YES;
				CLANG_ENABLE_OBJC_ARC = YES;
				CLANG_ENABLE_OBJC_WEAK = YES;
				CLANG_WARN_BLOCK_CAPTURE_AUTORELEASING = YES;
				CLANG_WARN_BOOL_CONVERSION = YES;
				CLANG_WARN_COMMA = YES;
				CLANG_WARN_CONSTANT_CONVERSION = YES;
				CLANG_WARN_DEPRECATED_OBJC_IMPLEMENTATIONS = YES;
				CLANG_WARN_DIRECT_OBJC_ISA_USAGE = YES_ERROR;
				CLANG_WARN_DOCUMENTATION_COMMENTS = YES;
				CLANG_WARN_EMPTY_BODY = YES;
				CLANG_WARN_ENUM_CONVERSION = YES;
				CLANG_WARN_INFINITE_RECURSION = YES;
				CLANG_WARN_INT_CONVERSION = YES;
				CLANG_WARN_NON_LITERAL_NULL_CONVERSION = YES;
				CLANG_WARN_OBJC_IMPLICIT_RETAIN_SELF = YES;
				CLANG_WARN_OBJC_LITERAL_CONVERSION = YES;
				CLANG_WARN_OBJC_ROOT_CLASS = YES_ERROR;
				CLANG_WARN_QUOTED_INCLUDE_IN_FRAMEWORK_HEADER = YES;
				CLANG_WARN_RANGE_LOOP_ANALYSIS = YES;
				CLANG_WARN_STRICT_PROTOTYPES = YES;
				CLANG_WARN_SUSPICIOUS_MOVE = YES;
				CLANG_WARN_UNGUARDED_AVAILABILITY = YES_AGGRESSIVE;
				CLANG_WARN_UNREACHABLE_CODE = YES;
				CLANG_WARN__DUPLICATE_METHOD_MATCH = YES;
				COPY_PHASE_STRIP = NO;
				DEAD_CODE_STRIPPING = YES;
				DEBUG_INFORMATION_FORMAT = dwarf;
				ENABLE_STRICT_OBJC_MSGSEND = YES;
				ENABLE_TESTABILITY = YES;
				ENABLE_USER_SCRIPT_SANDBOXING = YES;
				GCC_C_LANGUAGE_STANDARD = gnu11;
				GCC_DYNAMIC_NO_PIC = NO;
				GCC_NO_COMMON_BLOCKS = YES;
				GCC_OPTIMIZATION_LEVEL = 0;
				GCC_PREPROCESSOR_DEFINITIONS = (
					"DEBUG=1",
					"$(inherited)",
				);
				GCC_WARN_64_TO_32_BIT_CONVERSION = YES;
				GCC_WARN_ABOUT_RETURN_TYPE = YES_ERROR;
				GCC_WARN_UNDECLARED_SELECTOR = YES;
				GCC_WARN_UNINITIALIZED_AUTOS = YES_AGGRESSIVE;
				GCC_WARN_UNUSED_FUNCTION = YES;
				GCC_WARN_UNUSED_VARIABLE = YES;
				MTL_ENABLE_DEBUG_INFO = INCLUDE_SOURCE;
				MTL_FAST_MATH = YES;
				ONLY_ACTIVE_ARCH = YES;
				SWIFT_ACTIVE_COMPILATION_CONDITIONS = DEBUG;
				SWIFT_OPTIMIZATION_LEVEL = "-Onone";
			};
			name = Debug;
		};
		2384AA7828FFAEC000CDB08E /* Release */ = {
			isa = XCBuildConfiguration;
			buildSettings = {
				ALWAYS_SEARCH_USER_PATHS = NO;
				ASSETCATALOG_COMPILER_GENERATE_SWIFT_ASSET_SYMBOL_EXTENSIONS = YES;
				CLANG_ANALYZER_NONNULL = YES;
				CLANG_ANALYZER_NUMBER_OBJECT_CONVERSION = YES_AGGRESSIVE;
				CLANG_CXX_LANGUAGE_STANDARD = "gnu++20";
				CLANG_ENABLE_MODULES = YES;
				CLANG_ENABLE_OBJC_ARC = YES;
				CLANG_ENABLE_OBJC_WEAK = YES;
				CLANG_WARN_BLOCK_CAPTURE_AUTORELEASING = YES;
				CLANG_WARN_BOOL_CONVERSION = YES;
				CLANG_WARN_COMMA = YES;
				CLANG_WARN_CONSTANT_CONVERSION = YES;
				CLANG_WARN_DEPRECATED_OBJC_IMPLEMENTATIONS = YES;
				CLANG_WARN_DIRECT_OBJC_ISA_USAGE = YES_ERROR;
				CLANG_WARN_DOCUMENTATION_COMMENTS = YES;
				CLANG_WARN_EMPTY_BODY = YES;
				CLANG_WARN_ENUM_CONVERSION = YES;
				CLANG_WARN_INFINITE_RECURSION = YES;
				CLANG_WARN_INT_CONVERSION = YES;
				CLANG_WARN_NON_LITERAL_NULL_CONVERSION = YES;
				CLANG_WARN_OBJC_IMPLICIT_RETAIN_SELF = YES;
				CLANG_WARN_OBJC_LITERAL_CONVERSION = YES;
				CLANG_WARN_OBJC_ROOT_CLASS = YES_ERROR;
				CLANG_WARN_QUOTED_INCLUDE_IN_FRAMEWORK_HEADER = YES;
				CLANG_WARN_RANGE_LOOP_ANALYSIS = YES;
				CLANG_WARN_STRICT_PROTOTYPES = YES;
				CLANG_WARN_SUSPICIOUS_MOVE = YES;
				CLANG_WARN_UNGUARDED_AVAILABILITY = YES_AGGRESSIVE;
				CLANG_WARN_UNREACHABLE_CODE = YES;
				CLANG_WARN__DUPLICATE_METHOD_MATCH = YES;
				COPY_PHASE_STRIP = NO;
				DEAD_CODE_STRIPPING = YES;
				DEBUG_INFORMATION_FORMAT = "dwarf-with-dsym";
				ENABLE_NS_ASSERTIONS = NO;
				ENABLE_STRICT_OBJC_MSGSEND = YES;
				ENABLE_USER_SCRIPT_SANDBOXING = YES;
				GCC_C_LANGUAGE_STANDARD = gnu11;
				GCC_NO_COMMON_BLOCKS = YES;
				GCC_WARN_64_TO_32_BIT_CONVERSION = YES;
				GCC_WARN_ABOUT_RETURN_TYPE = YES_ERROR;
				GCC_WARN_UNDECLARED_SELECTOR = YES;
				GCC_WARN_UNINITIALIZED_AUTOS = YES_AGGRESSIVE;
				GCC_WARN_UNUSED_FUNCTION = YES;
				GCC_WARN_UNUSED_VARIABLE = YES;
				MTL_ENABLE_DEBUG_INFO = NO;
				MTL_FAST_MATH = YES;
				SWIFT_COMPILATION_MODE = wholemodule;
				SWIFT_OPTIMIZATION_LEVEL = "-O";
			};
			name = Release;
		};
		2384AA7A28FFAEC000CDB08E /* Debug */ = {
			isa = XCBuildConfiguration;
			buildSettings = {
				ALWAYS_EMBED_SWIFT_STANDARD_LIBRARIES = YES;
				ASSETCATALOG_COMPILER_APPICON_NAME = AppIcon;
				ASSETCATALOG_COMPILER_GLOBAL_ACCENT_COLOR_NAME = AccentColor;
				CODE_SIGN_ENTITLEMENTS = "Sugar Widgets/Sugar_Widgets.entitlements";
				CODE_SIGN_STYLE = Automatic;
				CURRENT_PROJECT_VERSION = 1;
				DEAD_CODE_STRIPPING = YES;
				DEVELOPMENT_ASSET_PATHS = "\"Sugar Widgets/Preview Content\"";
				DEVELOPMENT_TEAM = 7P284QZ7XV;
				ENABLE_HARDENED_RUNTIME = YES;
				ENABLE_PREVIEWS = YES;
				GENERATE_INFOPLIST_FILE = YES;
				"INFOPLIST_KEY_UIApplicationSceneManifest_Generation[sdk=iphoneos*]" = YES;
				"INFOPLIST_KEY_UIApplicationSceneManifest_Generation[sdk=iphonesimulator*]" = YES;
				"INFOPLIST_KEY_UIApplicationSupportsIndirectInputEvents[sdk=iphoneos*]" = YES;
				"INFOPLIST_KEY_UIApplicationSupportsIndirectInputEvents[sdk=iphonesimulator*]" = YES;
				"INFOPLIST_KEY_UILaunchScreen_Generation[sdk=iphoneos*]" = YES;
				"INFOPLIST_KEY_UILaunchScreen_Generation[sdk=iphonesimulator*]" = YES;
				"INFOPLIST_KEY_UIStatusBarStyle[sdk=iphoneos*]" = UIStatusBarStyleDefault;
				"INFOPLIST_KEY_UIStatusBarStyle[sdk=iphonesimulator*]" = UIStatusBarStyleDefault;
				INFOPLIST_KEY_UISupportedInterfaceOrientations_iPad = "UIInterfaceOrientationPortrait UIInterfaceOrientationPortraitUpsideDown UIInterfaceOrientationLandscapeLeft UIInterfaceOrientationLandscapeRight";
				INFOPLIST_KEY_UISupportedInterfaceOrientations_iPhone = "UIInterfaceOrientationPortrait UIInterfaceOrientationLandscapeLeft UIInterfaceOrientationLandscapeRight";
				IPHONEOS_DEPLOYMENT_TARGET = 16.0;
				LD_RUNPATH_SEARCH_PATHS = "@executable_path/Frameworks";
				"LD_RUNPATH_SEARCH_PATHS[sdk=macosx*]" = "@executable_path/../Frameworks";
				MACOSX_DEPLOYMENT_TARGET = 12.3;
				MARKETING_VERSION = 1.0;
				PRODUCT_BUNDLE_IDENTIFIER = "com.truman.Sugar-Widgets";
				PRODUCT_NAME = "$(TARGET_NAME)";
				SDKROOT = auto;
				SUPPORTED_PLATFORMS = "iphoneos iphonesimulator";
				SUPPORTS_MACCATALYST = NO;
				SUPPORTS_MAC_DESIGNED_FOR_IPHONE_IPAD = NO;
				SWIFT_EMIT_LOC_STRINGS = YES;
				SWIFT_VERSION = 5.0;
				TARGETED_DEVICE_FAMILY = "1,2";
			};
			name = Debug;
		};
		2384AA7B28FFAEC000CDB08E /* Release */ = {
			isa = XCBuildConfiguration;
			buildSettings = {
				ALWAYS_EMBED_SWIFT_STANDARD_LIBRARIES = YES;
				ASSETCATALOG_COMPILER_APPICON_NAME = AppIcon;
				ASSETCATALOG_COMPILER_GLOBAL_ACCENT_COLOR_NAME = AccentColor;
				CODE_SIGN_ENTITLEMENTS = "Sugar Widgets/Sugar_Widgets.entitlements";
				CODE_SIGN_STYLE = Automatic;
				CURRENT_PROJECT_VERSION = 1;
				DEAD_CODE_STRIPPING = YES;
				DEVELOPMENT_ASSET_PATHS = "\"Sugar Widgets/Preview Content\"";
				DEVELOPMENT_TEAM = 7P284QZ7XV;
				ENABLE_HARDENED_RUNTIME = YES;
				ENABLE_PREVIEWS = YES;
				GENERATE_INFOPLIST_FILE = YES;
				"INFOPLIST_KEY_UIApplicationSceneManifest_Generation[sdk=iphoneos*]" = YES;
				"INFOPLIST_KEY_UIApplicationSceneManifest_Generation[sdk=iphonesimulator*]" = YES;
				"INFOPLIST_KEY_UIApplicationSupportsIndirectInputEvents[sdk=iphoneos*]" = YES;
				"INFOPLIST_KEY_UIApplicationSupportsIndirectInputEvents[sdk=iphonesimulator*]" = YES;
				"INFOPLIST_KEY_UILaunchScreen_Generation[sdk=iphoneos*]" = YES;
				"INFOPLIST_KEY_UILaunchScreen_Generation[sdk=iphonesimulator*]" = YES;
				"INFOPLIST_KEY_UIStatusBarStyle[sdk=iphoneos*]" = UIStatusBarStyleDefault;
				"INFOPLIST_KEY_UIStatusBarStyle[sdk=iphonesimulator*]" = UIStatusBarStyleDefault;
				INFOPLIST_KEY_UISupportedInterfaceOrientations_iPad = "UIInterfaceOrientationPortrait UIInterfaceOrientationPortraitUpsideDown UIInterfaceOrientationLandscapeLeft UIInterfaceOrientationLandscapeRight";
				INFOPLIST_KEY_UISupportedInterfaceOrientations_iPhone = "UIInterfaceOrientationPortrait UIInterfaceOrientationLandscapeLeft UIInterfaceOrientationLandscapeRight";
				IPHONEOS_DEPLOYMENT_TARGET = 16.0;
				LD_RUNPATH_SEARCH_PATHS = "@executable_path/Frameworks";
				"LD_RUNPATH_SEARCH_PATHS[sdk=macosx*]" = "@executable_path/../Frameworks";
				MACOSX_DEPLOYMENT_TARGET = 12.3;
				MARKETING_VERSION = 1.0;
				PRODUCT_BUNDLE_IDENTIFIER = "com.truman.Sugar-Widgets";
				PRODUCT_NAME = "$(TARGET_NAME)";
				SDKROOT = auto;
				SUPPORTED_PLATFORMS = "iphoneos iphonesimulator";
				SUPPORTS_MACCATALYST = NO;
				SUPPORTS_MAC_DESIGNED_FOR_IPHONE_IPAD = NO;
				SWIFT_EMIT_LOC_STRINGS = YES;
				SWIFT_VERSION = 5.0;
				TARGETED_DEVICE_FAMILY = "1,2";
			};
			name = Release;
		};
		2384AA9928FFB18C00CDB08E /* Debug */ = {
			isa = XCBuildConfiguration;
			buildSettings = {
				ASSETCATALOG_COMPILER_GLOBAL_ACCENT_COLOR_NAME = AccentColor;
				ASSETCATALOG_COMPILER_WIDGET_BACKGROUND_COLOR_NAME = WidgetBackground;
				CODE_SIGN_STYLE = Automatic;
				CURRENT_PROJECT_VERSION = 1;
				DEVELOPMENT_TEAM = 7P284QZ7XV;
				GENERATE_INFOPLIST_FILE = YES;
				INFOPLIST_FILE = "SugarWidgets-widget/Info.plist";
				INFOPLIST_KEY_CFBundleDisplayName = "SugarWidgets-widget";
				INFOPLIST_KEY_NSHumanReadableCopyright = "";
				IPHONEOS_DEPLOYMENT_TARGET = 16.0;
				LD_RUNPATH_SEARCH_PATHS = (
					"$(inherited)",
					"@executable_path/Frameworks",
					"@executable_path/../../Frameworks",
				);
				MARKETING_VERSION = 1.0;
				PRODUCT_BUNDLE_IDENTIFIER = "com.truman.Sugar-Widgets.widget";
				PRODUCT_NAME = "$(TARGET_NAME)";
				SDKROOT = iphoneos;
				SKIP_INSTALL = YES;
				SWIFT_EMIT_LOC_STRINGS = YES;
				SWIFT_VERSION = 5.0;
				TARGETED_DEVICE_FAMILY = "1,2";
			};
			name = Debug;
		};
		2384AA9A28FFB18C00CDB08E /* Release */ = {
			isa = XCBuildConfiguration;
			buildSettings = {
				ASSETCATALOG_COMPILER_GLOBAL_ACCENT_COLOR_NAME = AccentColor;
				ASSETCATALOG_COMPILER_WIDGET_BACKGROUND_COLOR_NAME = WidgetBackground;
				CODE_SIGN_STYLE = Automatic;
				CURRENT_PROJECT_VERSION = 1;
				DEVELOPMENT_TEAM = 7P284QZ7XV;
				GENERATE_INFOPLIST_FILE = YES;
				INFOPLIST_FILE = "SugarWidgets-widget/Info.plist";
				INFOPLIST_KEY_CFBundleDisplayName = "SugarWidgets-widget";
				INFOPLIST_KEY_NSHumanReadableCopyright = "";
				IPHONEOS_DEPLOYMENT_TARGET = 16.0;
				LD_RUNPATH_SEARCH_PATHS = (
					"$(inherited)",
					"@executable_path/Frameworks",
					"@executable_path/../../Frameworks",
				);
				MARKETING_VERSION = 1.0;
				PRODUCT_BUNDLE_IDENTIFIER = "com.truman.Sugar-Widgets.widget";
				PRODUCT_NAME = "$(TARGET_NAME)";
				SDKROOT = iphoneos;
				SKIP_INSTALL = YES;
				SWIFT_EMIT_LOC_STRINGS = YES;
				SWIFT_VERSION = 5.0;
				TARGETED_DEVICE_FAMILY = "1,2";
				VALIDATE_PRODUCT = YES;
			};
			name = Release;
		};
/* End XCBuildConfiguration section */

/* Begin XCConfigurationList section */
		2301477D28FFD9CF00CAD9AD /* Build configuration list for PBXNativeTarget "WatchApp Watch App" */ = {
			isa = XCConfigurationList;
			buildConfigurations = (
				2301477B28FFD9CF00CAD9AD /* Debug */,
				2301477C28FFD9CF00CAD9AD /* Release */,
			);
			defaultConfigurationIsVisible = 0;
			defaultConfigurationName = Release;
		};
		2301478E28FFD9E800CAD9AD /* Build configuration list for PBXNativeTarget "WatchWidgetExtension" */ = {
			isa = XCConfigurationList;
			buildConfigurations = (
				2301478F28FFD9E800CAD9AD /* Debug */,
				2301479028FFD9E800CAD9AD /* Release */,
			);
			defaultConfigurationIsVisible = 0;
			defaultConfigurationName = Release;
		};
		2384AA4F28FFAEBF00CDB08E /* Build configuration list for PBXProject "Sugar Widgets" */ = {
			isa = XCConfigurationList;
			buildConfigurations = (
				2384AA7728FFAEC000CDB08E /* Debug */,
				2384AA7828FFAEC000CDB08E /* Release */,
			);
			defaultConfigurationIsVisible = 0;
			defaultConfigurationName = Release;
		};
		2384AA7928FFAEC000CDB08E /* Build configuration list for PBXNativeTarget "Sugar Widgets" */ = {
			isa = XCConfigurationList;
			buildConfigurations = (
				2384AA7A28FFAEC000CDB08E /* Debug */,
				2384AA7B28FFAEC000CDB08E /* Release */,
			);
			defaultConfigurationIsVisible = 0;
			defaultConfigurationName = Release;
		};
		2384AA9828FFB18C00CDB08E /* Build configuration list for PBXNativeTarget "SugarWidgets-widgetExtension" */ = {
			isa = XCConfigurationList;
			buildConfigurations = (
				2384AA9928FFB18C00CDB08E /* Debug */,
				2384AA9A28FFB18C00CDB08E /* Release */,
			);
			defaultConfigurationIsVisible = 0;
			defaultConfigurationName = Release;
		};
/* End XCConfigurationList section */
	};
	rootObject = 2384AA4C28FFAEBF00CDB08E /* Project object */;
}
